
Microsoft Visual Studio Solution File, Format Version 12.00
# Visual Studio 15
VisualStudioVersion = 15.0.26730.16
MinimumVisualStudioVersion = 10.0.40219.1
Project("{FAE04EC0-301F-11D3-BF4B-00C04F79EFBC}") = "GameCtor.Firebase.iOS.Database.Rx", "GameCtor.Firebase.iOS.Database.Rx\GameCtor.Firebase.iOS.Database.Rx.csproj", "{A6EE890F-BBE2-4FB7-8EEA-A7F0BB72BD17}"
EndProject
Project("{FAE04EC0-301F-11D3-BF4B-00C04F79EFBC}") = "GameCtor.Firebase.Android.Database.Rx", "GameCtor.Firebase.Android.Database.Rx\GameCtor.Firebase.Android.Database.Rx.csproj", "{C0C3D8FE-A293-424B-BF9B-3A106DC31366}"
EndProject
Global
	GlobalSection(SolutionConfigurationPlatforms) = preSolution
		Debug|Any CPU = Debug|Any CPU
		Release|Any CPU = Release|Any CPU
	EndGlobalSection
	GlobalSection(ProjectConfigurationPlatforms) = postSolution
		{A6EE890F-BBE2-4FB7-8EEA-A7F0BB72BD17}.Debug|Any CPU.ActiveCfg = Debug|Any CPU
		{A6EE890F-BBE2-4FB7-8EEA-A7F0BB72BD17}.Debug|Any CPU.Build.0 = Debug|Any CPU
		{A6EE890F-BBE2-4FB7-8EEA-A7F0BB72BD17}.Release|Any CPU.ActiveCfg = Release|Any CPU
		{A6EE890F-BBE2-4FB7-8EEA-A7F0BB72BD17}.Release|Any CPU.Build.0 = Release|Any CPU
		{C0C3D8FE-A293-424B-BF9B-3A106DC31366}.Debug|Any CPU.ActiveCfg = Debug|Any CPU
		{C0C3D8FE-A293-424B-BF9B-3A106DC31366}.Debug|Any CPU.Build.0 = Debug|Any CPU
		{C0C3D8FE-A293-424B-BF9B-3A106DC31366}.Release|Any CPU.ActiveCfg = Release|Any CPU
		{C0C3D8FE-A293-424B-BF9B-3A106DC31366}.Release|Any CPU.Build.0 = Release|Any CPU
		{1C94467E-AADA-45CC-B68D-2207CAF73A8B}.Debug|Any CPU.ActiveCfg = Debug|Any CPU
		{1C94467E-AADA-45CC-B68D-2207CAF73A8B}.Debug|Any CPU.Build.0 = Debug|Any CPU
		{1C94467E-AADA-45CC-B68D-2207CAF73A8B}.Debug|Any CPU.Deploy.0 = Debug|Any CPU
		{1C94467E-AADA-45CC-B68D-2207CAF73A8B}.Release|Any CPU.ActiveCfg = Release|Any CPU
		{1C94467E-AADA-45CC-B68D-2207CAF73A8B}.Release|Any CPU.Build.0 = Release|Any CPU
		{1C94467E-AADA-45CC-B68D-2207CAF73A8B}.Release|Any CPU.Deploy.0 = Release|Any CPU
	EndGlobalSection
	GlobalSection(SolutionProperties) = preSolution
		HideSolutionNode = FALSE
	EndGlobalSection
	GlobalSection(ExtensibilityGlobals) = postSolution
		SolutionGuid = {902E8A8F-840E-4A03-AA8A-028410B2ADF1}
	EndGlobalSection
EndGlobal
